// !$*UTF8*$!
{
	archiveVersion = 1;
	classes = {
	};
	objectVersion = 46;
	objects = {

/* Begin PBXBuildFile section */
		CAFB45161F2B3ADA00AEF0F3 /* CollectionViewItem.swift in Sources */ = {isa = PBXBuildFile; fileRef = CAFB45151F2B3ADA00AEF0F3 /* CollectionViewItem.swift */; };
		CAFECB501F1874B7004B6B53 /* AppDelegate.swift in Sources */ = {isa = PBXBuildFile; fileRef = CAFECB4F1F1874B7004B6B53 /* AppDelegate.swift */; };
		CAFECB521F1874B7004B6B53 /* ViewController.swift in Sources */ = {isa = PBXBuildFile; fileRef = CAFECB511F1874B7004B6B53 /* ViewController.swift */; };
		CAFECB541F1874B7004B6B53 /* Assets.xcassets in Resources */ = {isa = PBXBuildFile; fileRef = CAFECB531F1874B7004B6B53 /* Assets.xcassets */; };
		CAFECB571F1874B7004B6B53 /* Main.storyboard in Resources */ = {isa = PBXBuildFile; fileRef = CAFECB551F1874B7004B6B53 /* Main.storyboard */; };
/* End PBXBuildFile section */

/* Begin PBXFileReference section */
		CAFB45151F2B3ADA00AEF0F3 /* CollectionViewItem.swift */ = {isa = PBXFileReference; fileEncoding = 4; lastKnownFileType = sourcecode.swift; path = CollectionViewItem.swift; sourceTree = "<group>"; };
		CAFECB4C1F1874B7004B6B53 /* NSCollection-3.app */ = {isa = PBXFileReference; explicitFileType = wrapper.application; includeInIndex = 0; path = "NSCollection-3.app"; sourceTree = BUILT_PRODUCTS_DIR; };
		CAFECB4F1F1874B7004B6B53 /* AppDelegate.swift */ = {isa = PBXFileReference; lastKnownFileType = sourcecode.swift; path = AppDelegate.swift; sourceTree = "<group>"; };
		CAFECB511F1874B7004B6B53 /* ViewController.swift */ = {isa = PBXFileReference; lastKnownFileType = sourcecode.swift; path = ViewController.swift; sourceTree = "<group>"; };
		CAFECB531F1874B7004B6B53 /* Assets.xcassets */ = {isa = PBXFileReference; lastKnownFileType = folder.assetcatalog; path = Assets.xcassets; sourceTree = "<group>"; };
		CAFECB561F1874B7004B6B53 /* Base */ = {isa = PBXFileReference; lastKnownFileType = file.storyboard; name = Base; path = Base.lproj/Main.storyboard; sourceTree = "<group>"; };
		CAFECB581F1874B7004B6B53 /* Info.plist */ = {isa = PBXFileReference; lastKnownFileType = text.plist.xml; path = Info.plist; sourceTree = "<group>"; };
/* End PBXFileReference section */

/* Begin PBXFrameworksBuildPhase section */
		CAFECB491F1874B7004B6B53 /* Frameworks */ = {
			isa = PBXFrameworksBuildPhase;
			buildActionMask = 2147483647;
			files = (
			);
			runOnlyForDeploymentPostprocessing = 0;
		};
/* End PBXFrameworksBuildPhase section */

/* Begin PBXGroup section */
		CAFECB431F1874B7004B6B53 = {
			isa = PBXGroup;
			children = (
				CAFECB4E1F1874B7004B6B53 /* NSCollection-3 */,
				CAFECB4D1F1874B7004B6B53 /* Products */,
			);
			sourceTree = "<group>";
		};
		CAFECB4D1F1874B7004B6B53 /* Products */ = {
			isa = PBXGroup;
			children = (
				CAFECB4C1F1874B7004B6B53 /* NSCollection-3.app */,
			);
			name = Products;
			sourceTree = "<group>";
		};
		CAFECB4E1F1874B7004B6B53 /* NSCollection-3 */ = {
			isa = PBXGroup;
			children = (
				CAFECB4F1F1874B7004B6B53 /* AppDelegate.swift */,
				CAFECB511F1874B7004B6B53 /* ViewController.swift */,
				CAFB45151F2B3ADA00AEF0F3 /* CollectionViewItem.swift */,
				CAFECB531F1874B7004B6B53 /* Assets.xcassets */,
				CAFECB551F1874B7004B6B53 /* Main.storyboard */,
				CAFECB581F1874B7004B6B53 /* Info.plist */,
			);
			path = "NSCollection-3";
			sourceTree = "<group>";
		};
/* End PBXGroup section */

/* Begin PBXNativeTarget section */
		CAFECB4B1F1874B7004B6B53 /* NSCollection-3 */ = {
			isa = PBXNativeTarget;
			buildConfigurationList = CAFECB5B1F1874B7004B6B53 /* Build configuration list for PBXNativeTarget "NSCollection-3" */;
			buildPhases = (
				CAFECB481F1874B7004B6B53 /* Sources */,
				CAFECB491F1874B7004B6B53 /* Frameworks */,
				CAFECB4A1F1874B7004B6B53 /* Resources */,
			);
			buildRules = (
			);
			dependencies = (
			);
			name = "NSCollection-3";
			productName = "NSCollection-3";
			productReference = CAFECB4C1F1874B7004B6B53 /* NSCollection-3.app */;
			productType = "com.apple.product-type.application";
		};
/* End PBXNativeTarget section */

/* Begin PBXProject section */
		CAFECB441F1874B7004B6B53 /* Project object */ = {
			isa = PBXProject;
			attributes = {
				LastSwiftUpdateCheck = 0820;
				LastUpgradeCheck = 0820;
				ORGANIZATIONNAME = herry;
				TargetAttributes = {
					CAFECB4B1F1874B7004B6B53 = {
						CreatedOnToolsVersion = 8.2.1;
						ProvisioningStyle = Automatic;
					};
				};
			};
			buildConfigurationList = CAFECB471F1874B7004B6B53 /* Build configuration list for PBXProject "NSCollection-3" */;
			compatibilityVersion = "Xcode 3.2";
			developmentRegion = English;
			hasScannedForEncodings = 0;
			knownRegions = (
				en,
				Base,
			);
			mainGroup = CAFECB431F1874B7004B6B53;
			productRefGroup = CAFECB4D1F1874B7004B6B53 /* Products */;
			projectDirPath = "";
			projectRoot = "";
			targets = (
				CAFECB4B1F1874B7004B6B53 /* NSCollection-3 */,
			);
		};
/* End PBXProject section */

/* Begin PBXResourcesBuildPhase section */
		CAFECB4A1F1874B7004B6B53 /* Resources */ = {
			isa = PBXResourcesBuildPhase;
			buildActionMask = 2147483647;
			files = (
				CAFECB541F1874B7004B6B53 /* Assets.xcassets in Resources */,
				CAFECB571F1874B7004B6B53 /* Main.storyboard in Resources */,
			);
			runOnlyForDeploymentPostprocessing = 0;
		};
/* End PBXResourcesBuildPhase section */

/* Begin PBXSourcesBuildPhase section */
		CAFECB481F1874B7004B6B53 /* Sources */ = {
			isa = PBXSourcesBuildPhase;
			buildActionMask = 2147483647;
			files = (
				CAFECB521F1874B7004B6B53 /* ViewController.swift in Sources */,
				CAFECB501F1874B7004B6B53 /* AppDelegate.swift in Sources */,
				CAFB45161F2B3ADA00AEF0F3 /* CollectionViewItem.swift in Sources */,
			);
			runOnlyForDeploymentPostprocessing = 0;
		};
/* End PBXSourcesBuildPhase section */

/* Begin PBXVariantGroup section */
		CAFECB551F1874B7004B6B53 /* Main.storyboard */ = {
			isa = PBXVariantGroup;
			children = (
				CAFECB561F1874B7004B6B53 /* Base */,
			);
			name = Main.storyboard;
			sourceTree = "<group>";
		};
/* End PBXVariantGroup section */

/* Begin XCBuildConfiguration section */
		CAFECB591F1874B7004B6B53 /* Debug */ = {
			isa = XCBuildConfiguration;
			buildSettings = {
				ALWAYS_SEARCH_USER_PATHS = NO;
				CLANG_ANALYZER_NONNULL = YES;
				CLANG_CXX_LANGUAGE_STANDARD = "gnu++0x";
				CLANG_CXX_LIBRARY = "libc++";
				CLANG_ENABLE_MODULES = YES;
				CLANG_ENABLE_OBJC_ARC = YES;
				CLANG_WARN_BOOL_CONVERSION = YES;
				CLANG_WARN_CONSTANT_CONVERSION = YES;
				CLANG_WARN_DIRECT_OBJC_ISA_USAGE = YES_ERROR;
				CLANG_WARN_DOCUMENTATION_COMMENTS = YES;
				CLANG_WARN_EMPTY_BODY = YES;
				CLANG_WARN_ENUM_CONVERSION = YES;
				CLANG_WARN_INFINITE_RECURSION = YES;
				CLANG_WARN_INT_CONVERSION = YES;
				CLANG_WARN_OBJC_ROOT_CLASS = YES_ERROR;
				CLANG_WARN_SUSPICIOUS_MOVE = YES;
				CLANG_WARN_UNREACHABLE_CODE = YES;
				CLANG_WARN__DUPLICATE_METHOD_MATCH = YES;
				CODE_SIGN_IDENTITY = "-";
				COPY_PHASE_STRIP = NO;
				DEBUG_INFORMATION_FORMAT = dwarf;
				ENABLE_STRICT_OBJC_MSGSEND = YES;
				ENABLE_TESTABILITY = YES;
				GCC_C_LANGUAGE_STANDARD = gnu99;
				GCC_DYNAMIC_NO_PIC = NO;
				GCC_NO_COMMON_BLOCKS = YES;
				GCC_OPTIMIZATION_LEVEL = 0;
				GCC_PREPROCESSOR_DEFINITIONS = (
					"DEBUG=1",
					"$(inherited)",
				);
				GCC_WARN_64_TO_32_BIT_CONVERSION = YES;
				GCC_WARN_ABOUT_RETURN_TYPE = YES_ERROR;
				GCC_WARN_UNDECLARED_SELECTOR = YES;
				GCC_WARN_UNINITIALIZED_AUTOS = YES_AGGRESSIVE;
				GCC_WARN_UNUSED_FUNCTION = YES;
				GCC_WARN_UNUSED_VARIABLE = YES;
				MACOSX_DEPLOYMENT_TARGET = 10.12;
				MTL_ENABLE_DEBUG_INFO = YES;
				ONLY_ACTIVE_ARCH = YES;
				SDKROOT = macosx;
				SWIFT_ACTIVE_COMPILATION_CONDITIONS = DEBUG;
				SWIFT_OPTIMIZATION_LEVEL = "-Onone";
			};
			name = Debug;
		};
		CAFECB5A1F1874B7004B6B53 /* Release */ = {
			isa = XCBuildConfiguration;
			buildSettings = {
				ALWAYS_SEARCH_USER_PATHS = NO;
				CLANG_ANALYZER_NONNULL = YES;
				CLANG_CXX_LANGUAGE_STANDARD = "gnu++0x";
				CLANG_CXX_LIBRARY = "libc++";
				CLANG_ENABLE_MODULES = YES;
				CLANG_ENABLE_OBJC_ARC = YES;
				CLANG_WARN_BOOL_CONVERSION = YES;
				CLANG_WARN_CONSTANT_CONVERSION = YES;
				CLANG_WARN_DIRECT_OBJC_ISA_USAGE = YES_ERROR;
				CLANG_WARN_DOCUMENTATION_COMMENTS = YES;
				CLANG_WARN_EMPTY_BODY = YES;
				CLANG_WARN_ENUM_CONVERSION = YES;
				CLANG_WARN_INFINITE_RECURSION = YES;
				CLANG_WARN_INT_CONVERSION = YES;
				CLANG_WARN_OBJC_ROOT_CLASS = YES_ERROR;
				CLANG_WARN_SUSPICIOUS_MOVE = YES;
				CLANG_WARN_UNREACHABLE_CODE = YES;
				CLANG_WARN__DUPLICATE_METHOD_MATCH = YES;
				CODE_SIGN_IDENTITY = "-";
				COPY_PHASE_STRIP = NO;
				DEBUG_INFORMATION_FORMAT = "dwarf-with-dsym";
				ENABLE_NS_ASSERTIONS = NO;
				ENABLE_STRICT_OBJC_MSGSEND = YES;
				GCC_C_LANGUAGE_STANDARD = gnu99;
				GCC_NO_COMMON_BLOCKS = YES;
				GCC_WARN_64_TO_32_BIT_CONVERSION = YES;
				GCC_WARN_ABOUT_RETURN_TYPE = YES_ERROR;
				GCC_WARN_UNDECLARED_SELECTOR = YES;
				GCC_WARN_UNINITIALIZED_AUTOS = YES_AGGRESSIVE;
				GCC_WARN_UNUSED_FUNCTION = YES;
				GCC_WARN_UNUSED_VARIABLE = YES;
				MACOSX_DEPLOYMENT_TARGET = 10.12;
				MTL_ENABLE_DEBUG_INFO = NO;
				SDKROOT = macosx;
				SWIFT_OPTIMIZATION_LEVEL = "-Owholemodule";
			};
			name = Release;
		};
		CAFECB5C1F1874B7004B6B53 /* Debug */ = {
			isa = XCBuildConfiguration;
			buildSettings = {
				ASSETCATALOG_COMPILER_APPICON_NAME = AppIcon;
				COMBINE_HIDPI_IMAGES = YES;
				INFOPLIST_FILE = "NSCollection-3/Info.plist";
				LD_RUNPATH_SEARCH_PATHS = "$(inherited) @executable_path/../Frameworks";
				PRODUCT_BUNDLE_IDENTIFIER = "mac.NSCollection-3";
				PRODUCT_NAME = "$(TARGET_NAME)";
				SWIFT_VERSION = 3.0;
			};
			name = Debug;
		};
		CAFECB5D1F1874B7004B6B53 /* Release */ = {
			isa = XCBuildConfiguration;
			buildSettings = {
				ASSETCATALOG_COMPILER_APPICON_NAME = AppIcon;
				COMBINE_HIDPI_IMAGES = YES;
				INFOPLIST_FILE = "NSCollection-3/Info.plist";
				LD_RUNPATH_SEARCH_PATHS = "$(inherited) @executable_path/../Frameworks";
				PRODUCT_BUNDLE_IDENTIFIER = "mac.NSCollection-3";
				PRODUCT_NAME = "$(TARGET_NAME)";
				SWIFT_VERSION = 3.0;
			};
			name = Release;
		};
/* End XCBuildConfiguration section */

/* Begin XCConfigurationList section */
		CAFECB471F1874B7004B6B53 /* Build configuration list for PBXProject "NSCollection-3" */ = {
			isa = XCConfigurationList;
			buildConfigurations = (
				CAFECB591F1874B7004B6B53 /* Debug */,
				CAFECB5A1F1874B7004B6B53 /* Release */,
			);
			defaultConfigurationIsVisible = 0;
			defaultConfigurationName = Release;
		};
		CAFECB5B1F1874B7004B6B53 /* Build configuration list for PBXNativeTarget "NSCollection-3" */ = {
			isa = XCConfigurationList;
			buildConfigurations = (
				CAFECB5C1F1874B7004B6B53 /* Debug */,
				CAFECB5D1F1874B7004B6B53 /* Release */,
			);
			defaultConfigurationIsVisible = 0;
			defaultConfigurationName = Release;
		};
/* End XCConfigurationList section */
	};
	rootObject = CAFECB441F1874B7004B6B53 /* Project object */;
}
