// !$*UTF8*$!
{
	archiveVersion = 1;
	classes = {
	};
	objectVersion = 46;
	objects = {

/* Begin PBXBuildFile section */
		CAFB45051F29FB0E00AEF0F3 /* AppDelegate.swift in Sources */ = {isa = PBXBuildFile; fileRef = CAFB45041F29FB0E00AEF0F3 /* AppDelegate.swift */; };
		CAFB45071F29FB0E00AEF0F3 /* ViewController.swift in Sources */ = {isa = PBXBuildFile; fileRef = CAFB45061F29FB0E00AEF0F3 /* ViewController.swift */; };
		CAFB45091F29FB0E00AEF0F3 /* Assets.xcassets in Resources */ = {isa = PBXBuildFile; fileRef = CAFB45081F29FB0E00AEF0F3 /* Assets.xcassets */; };
		CAFB450C1F29FB0E00AEF0F3 /* Main.storyboard in Resources */ = {isa = PBXBuildFile; fileRef = CAFB450A1F29FB0E00AEF0F3 /* Main.storyboard */; };
		CAFB45141F29FB2100AEF0F3 /* User.swift in Sources */ = {isa = PBXBuildFile; fileRef = CAFB45131F29FB2100AEF0F3 /* User.swift */; };
/* End PBXBuildFile section */

/* Begin PBXFileReference section */
		CAFB45011F29FB0E00AEF0F3 /* Binding.app */ = {isa = PBXFileReference; explicitFileType = wrapper.application; includeInIndex = 0; path = Binding.app; sourceTree = BUILT_PRODUCTS_DIR; };
		CAFB45041F29FB0E00AEF0F3 /* AppDelegate.swift */ = {isa = PBXFileReference; lastKnownFileType = sourcecode.swift; path = AppDelegate.swift; sourceTree = "<group>"; };
		CAFB45061F29FB0E00AEF0F3 /* ViewController.swift */ = {isa = PBXFileReference; lastKnownFileType = sourcecode.swift; path = ViewController.swift; sourceTree = "<group>"; };
		CAFB45081F29FB0E00AEF0F3 /* Assets.xcassets */ = {isa = PBXFileReference; lastKnownFileType = folder.assetcatalog; path = Assets.xcassets; sourceTree = "<group>"; };
		CAFB450B1F29FB0E00AEF0F3 /* Base */ = {isa = PBXFileReference; lastKnownFileType = file.storyboard; name = Base; path = Base.lproj/Main.storyboard; sourceTree = "<group>"; };
		CAFB450D1F29FB0E00AEF0F3 /* Info.plist */ = {isa = PBXFileReference; lastKnownFileType = text.plist.xml; path = Info.plist; sourceTree = "<group>"; };
		CAFB45131F29FB2100AEF0F3 /* User.swift */ = {isa = PBXFileReference; fileEncoding = 4; lastKnownFileType = sourcecode.swift; path = User.swift; sourceTree = "<group>"; };
/* End PBXFileReference section */

/* Begin PBXFrameworksBuildPhase section */
		CAFB44FE1F29FB0E00AEF0F3 /* Frameworks */ = {
			isa = PBXFrameworksBuildPhase;
			buildActionMask = 2147483647;
			files = (
			);
			runOnlyForDeploymentPostprocessing = 0;
		};
/* End PBXFrameworksBuildPhase section */

/* Begin PBXGroup section */
		CAFB44F81F29FB0E00AEF0F3 = {
			isa = PBXGroup;
			children = (
				CAFB45031F29FB0E00AEF0F3 /* Binding */,
				CAFB45021F29FB0E00AEF0F3 /* Products */,
			);
			sourceTree = "<group>";
		};
		CAFB45021F29FB0E00AEF0F3 /* Products */ = {
			isa = PBXGroup;
			children = (
				CAFB45011F29FB0E00AEF0F3 /* Binding.app */,
			);
			name = Products;
			sourceTree = "<group>";
		};
		CAFB45031F29FB0E00AEF0F3 /* Binding */ = {
			isa = PBXGroup;
			children = (
				CAFB45041F29FB0E00AEF0F3 /* AppDelegate.swift */,
				CAFB45061F29FB0E00AEF0F3 /* ViewController.swift */,
				CAFB45131F29FB2100AEF0F3 /* User.swift */,
				CAFB45081F29FB0E00AEF0F3 /* Assets.xcassets */,
				CAFB450A1F29FB0E00AEF0F3 /* Main.storyboard */,
				CAFB450D1F29FB0E00AEF0F3 /* Info.plist */,
			);
			path = Binding;
			sourceTree = "<group>";
		};
/* End PBXGroup section */

/* Begin PBXNativeTarget section */
		CAFB45001F29FB0E00AEF0F3 /* Binding */ = {
			isa = PBXNativeTarget;
			buildConfigurationList = CAFB45101F29FB0E00AEF0F3 /* Build configuration list for PBXNativeTarget "Binding" */;
			buildPhases = (
				CAFB44FD1F29FB0E00AEF0F3 /* Sources */,
				CAFB44FE1F29FB0E00AEF0F3 /* Frameworks */,
				CAFB44FF1F29FB0E00AEF0F3 /* Resources */,
			);
			buildRules = (
			);
			dependencies = (
			);
			name = Binding;
			productName = Binding;
			productReference = CAFB45011F29FB0E00AEF0F3 /* Binding.app */;
			productType = "com.apple.product-type.application";
		};
/* End PBXNativeTarget section */

/* Begin PBXProject section */
		CAFB44F91F29FB0E00AEF0F3 /* Project object */ = {
			isa = PBXProject;
			attributes = {
				LastSwiftUpdateCheck = 0820;
				LastUpgradeCheck = 0820;
				ORGANIZATIONNAME = herry;
				TargetAttributes = {
					CAFB45001F29FB0E00AEF0F3 = {
						CreatedOnToolsVersion = 8.2.1;
						ProvisioningStyle = Automatic;
					};
				};
			};
			buildConfigurationList = CAFB44FC1F29FB0E00AEF0F3 /* Build configuration list for PBXProject "Binding" */;
			compatibilityVersion = "Xcode 3.2";
			developmentRegion = English;
			hasScannedForEncodings = 0;
			knownRegions = (
				en,
				Base,
			);
			mainGroup = CAFB44F81F29FB0E00AEF0F3;
			productRefGroup = CAFB45021F29FB0E00AEF0F3 /* Products */;
			projectDirPath = "";
			projectRoot = "";
			targets = (
				CAFB45001F29FB0E00AEF0F3 /* Binding */,
			);
		};
/* End PBXProject section */

/* Begin PBXResourcesBuildPhase section */
		CAFB44FF1F29FB0E00AEF0F3 /* Resources */ = {
			isa = PBXResourcesBuildPhase;
			buildActionMask = 2147483647;
			files = (
				CAFB45091F29FB0E00AEF0F3 /* Assets.xcassets in Resources */,
				CAFB450C1F29FB0E00AEF0F3 /* Main.storyboard in Resources */,
			);
			runOnlyForDeploymentPostprocessing = 0;
		};
/* End PBXResourcesBuildPhase section */

/* Begin PBXSourcesBuildPhase section */
		CAFB44FD1F29FB0E00AEF0F3 /* Sources */ = {
			isa = PBXSourcesBuildPhase;
			buildActionMask = 2147483647;
			files = (
				CAFB45071F29FB0E00AEF0F3 /* ViewController.swift in Sources */,
				CAFB45051F29FB0E00AEF0F3 /* AppDelegate.swift in Sources */,
				CAFB45141F29FB2100AEF0F3 /* User.swift in Sources */,
			);
			runOnlyForDeploymentPostprocessing = 0;
		};
/* End PBXSourcesBuildPhase section */

/* Begin PBXVariantGroup section */
		CAFB450A1F29FB0E00AEF0F3 /* Main.storyboard */ = {
			isa = PBXVariantGroup;
			children = (
				CAFB450B1F29FB0E00AEF0F3 /* Base */,
			);
			name = Main.storyboard;
			sourceTree = "<group>";
		};
/* End PBXVariantGroup section */

/* Begin XCBuildConfiguration section */
		CAFB450E1F29FB0E00AEF0F3 /* Debug */ = {
			isa = XCBuildConfiguration;
			buildSettings = {
				ALWAYS_SEARCH_USER_PATHS = NO;
				CLANG_ANALYZER_NONNULL = YES;
				CLANG_CXX_LANGUAGE_STANDARD = "gnu++0x";
				CLANG_CXX_LIBRARY = "libc++";
				CLANG_ENABLE_MODULES = YES;
				CLANG_ENABLE_OBJC_ARC = YES;
				CLANG_WARN_BOOL_CONVERSION = YES;
				CLANG_WARN_CONSTANT_CONVERSION = YES;
				CLANG_WARN_DIRECT_OBJC_ISA_USAGE = YES_ERROR;
				CLANG_WARN_DOCUMENTATION_COMMENTS = YES;
				CLANG_WARN_EMPTY_BODY = YES;
				CLANG_WARN_ENUM_CONVERSION = YES;
				CLANG_WARN_INFINITE_RECURSION = YES;
				CLANG_WARN_INT_CONVERSION = YES;
				CLANG_WARN_OBJC_ROOT_CLASS = YES_ERROR;
				CLANG_WARN_SUSPICIOUS_MOVE = YES;
				CLANG_WARN_UNREACHABLE_CODE = YES;
				CLANG_WARN__DUPLICATE_METHOD_MATCH = YES;
				CODE_SIGN_IDENTITY = "-";
				COPY_PHASE_STRIP = NO;
				DEBUG_INFORMATION_FORMAT = dwarf;
				ENABLE_STRICT_OBJC_MSGSEND = YES;
				ENABLE_TESTABILITY = YES;
				GCC_C_LANGUAGE_STANDARD = gnu99;
				GCC_DYNAMIC_NO_PIC = NO;
				GCC_NO_COMMON_BLOCKS = YES;
				GCC_OPTIMIZATION_LEVEL = 0;
				GCC_PREPROCESSOR_DEFINITIONS = (
					"DEBUG=1",
					"$(inherited)",
				);
				GCC_WARN_64_TO_32_BIT_CONVERSION = YES;
				GCC_WARN_ABOUT_RETURN_TYPE = YES_ERROR;
				GCC_WARN_UNDECLARED_SELECTOR = YES;
				GCC_WARN_UNINITIALIZED_AUTOS = YES_AGGRESSIVE;
				GCC_WARN_UNUSED_FUNCTION = YES;
				GCC_WARN_UNUSED_VARIABLE = YES;
				MACOSX_DEPLOYMENT_TARGET = 10.12;
				MTL_ENABLE_DEBUG_INFO = YES;
				ONLY_ACTIVE_ARCH = YES;
				SDKROOT = macosx;
				SWIFT_ACTIVE_COMPILATION_CONDITIONS = DEBUG;
				SWIFT_OPTIMIZATION_LEVEL = "-Onone";
			};
			name = Debug;
		};
		CAFB450F1F29FB0E00AEF0F3 /* Release */ = {
			isa = XCBuildConfiguration;
			buildSettings = {
				ALWAYS_SEARCH_USER_PATHS = NO;
				CLANG_ANALYZER_NONNULL = YES;
				CLANG_CXX_LANGUAGE_STANDARD = "gnu++0x";
				CLANG_CXX_LIBRARY = "libc++";
				CLANG_ENABLE_MODULES = YES;
				CLANG_ENABLE_OBJC_ARC = YES;
				CLANG_WARN_BOOL_CONVERSION = YES;
				CLANG_WARN_CONSTANT_CONVERSION = YES;
				CLANG_WARN_DIRECT_OBJC_ISA_USAGE = YES_ERROR;
				CLANG_WARN_DOCUMENTATION_COMMENTS = YES;
				CLANG_WARN_EMPTY_BODY = YES;
				CLANG_WARN_ENUM_CONVERSION = YES;
				CLANG_WARN_INFINITE_RECURSION = YES;
				CLANG_WARN_INT_CONVERSION = YES;
				CLANG_WARN_OBJC_ROOT_CLASS = YES_ERROR;
				CLANG_WARN_SUSPICIOUS_MOVE = YES;
				CLANG_WARN_UNREACHABLE_CODE = YES;
				CLANG_WARN__DUPLICATE_METHOD_MATCH = YES;
				CODE_SIGN_IDENTITY = "-";
				COPY_PHASE_STRIP = NO;
				DEBUG_INFORMATION_FORMAT = "dwarf-with-dsym";
				ENABLE_NS_ASSERTIONS = NO;
				ENABLE_STRICT_OBJC_MSGSEND = YES;
				GCC_C_LANGUAGE_STANDARD = gnu99;
				GCC_NO_COMMON_BLOCKS = YES;
				GCC_WARN_64_TO_32_BIT_CONVERSION = YES;
				GCC_WARN_ABOUT_RETURN_TYPE = YES_ERROR;
				GCC_WARN_UNDECLARED_SELECTOR = YES;
				GCC_WARN_UNINITIALIZED_AUTOS = YES_AGGRESSIVE;
				GCC_WARN_UNUSED_FUNCTION = YES;
				GCC_WARN_UNUSED_VARIABLE = YES;
				MACOSX_DEPLOYMENT_TARGET = 10.12;
				MTL_ENABLE_DEBUG_INFO = NO;
				SDKROOT = macosx;
				SWIFT_OPTIMIZATION_LEVEL = "-Owholemodule";
			};
			name = Release;
		};
		CAFB45111F29FB0E00AEF0F3 /* Debug */ = {
			isa = XCBuildConfiguration;
			buildSettings = {
				ASSETCATALOG_COMPILER_APPICON_NAME = AppIcon;
				COMBINE_HIDPI_IMAGES = YES;
				INFOPLIST_FILE = Binding/Info.plist;
				LD_RUNPATH_SEARCH_PATHS = "$(inherited) @executable_path/../Frameworks";
				PRODUCT_BUNDLE_IDENTIFIER = mac.Binding;
				PRODUCT_NAME = "$(TARGET_NAME)";
				SWIFT_VERSION = 3.0;
			};
			name = Debug;
		};
		CAFB45121F29FB0E00AEF0F3 /* Release */ = {
			isa = XCBuildConfiguration;
			buildSettings = {
				ASSETCATALOG_COMPILER_APPICON_NAME = AppIcon;
				COMBINE_HIDPI_IMAGES = YES;
				INFOPLIST_FILE = Binding/Info.plist;
				LD_RUNPATH_SEARCH_PATHS = "$(inherited) @executable_path/../Frameworks";
				PRODUCT_BUNDLE_IDENTIFIER = mac.Binding;
				PRODUCT_NAME = "$(TARGET_NAME)";
				SWIFT_VERSION = 3.0;
			};
			name = Release;
		};
/* End XCBuildConfiguration section */

/* Begin XCConfigurationList section */
		CAFB44FC1F29FB0E00AEF0F3 /* Build configuration list for PBXProject "Binding" */ = {
			isa = XCConfigurationList;
			buildConfigurations = (
				CAFB450E1F29FB0E00AEF0F3 /* Debug */,
				CAFB450F1F29FB0E00AEF0F3 /* Release */,
			);
			defaultConfigurationIsVisible = 0;
			defaultConfigurationName = Release;
		};
		CAFB45101F29FB0E00AEF0F3 /* Build configuration list for PBXNativeTarget "Binding" */ = {
			isa = XCConfigurationList;
			buildConfigurations = (
				CAFB45111F29FB0E00AEF0F3 /* Debug */,
				CAFB45121F29FB0E00AEF0F3 /* Release */,
			);
			defaultConfigurationIsVisible = 0;
		};
/* End XCConfigurationList section */
	};
	rootObject = CAFB44F91F29FB0E00AEF0F3 /* Project object */;
}
